<?xml version="1.0" encoding="UTF-8" standalone="yes" ?>
<CodeBlocks_project_file>
	<FileVersion major="1" minor="6" />
	<Project>
		<Option title="kinectGui" />
		<Option makefile_is_custom="1" />
		<Option pch_mode="2" />
		<Option compiler="gcc" />
		<Option virtualFolders="addons/;src/;build config/;" />
		<Build>
			<Target title="Debug">
				<Option output="bin/$(PROJECT_NAME)_debug" prefix_auto="1" extension_auto="1" />
				<Option working_dir="bin" />
				<Option object_output="obj/Debug/" />
				<Option external_deps="../../../libs/openFrameworksCompiled/lib/linux64/libopenFrameworksDebug.a;" />
				<Option type="1" />
				<Option compiler="gcc" />
				<Option projectLinkerOptionsRelation="2" />
			</Target>
			<Target title="Release">
				<Option output="bin/$(PROJECT_NAME)" prefix_auto="1" extension_auto="1" />
				<Option working_dir="bin" />
				<Option object_output="obj/Release/" />
				<Option external_deps="../../../libs/openFrameworksCompiled/lib/linux64/libopenFrameworks.a;" />
				<Option type="1" />
				<Option compiler="gcc" />
				<Option projectLinkerOptionsRelation="2" />
			</Target>
		</Build>
		<Unit filename="../../../addons/ofxGui/src/ofxBaseGui.cpp" />
		<Unit filename="../../../addons/ofxGui/src/ofxBaseGui.h" />
		<Unit filename="../../../addons/ofxGui/src/ofxButton.cpp" />
		<Unit filename="../../../addons/ofxGui/src/ofxButton.h" />
		<Unit filename="../../../addons/ofxGui/src/ofxGui.h" />
		<Unit filename="../../../addons/ofxGui/src/ofxGuiGroup.cpp" />
		<Unit filename="../../../addons/ofxGui/src/ofxGuiGroup.h" />
		<Unit filename="../../../addons/ofxGui/src/ofxLabel.cpp" />
		<Unit filename="../../../addons/ofxGui/src/ofxLabel.h" />
		<Unit filename="../../../addons/ofxGui/src/ofxPanel.cpp" />
		<Unit filename="../../../addons/ofxGui/src/ofxPanel.h" />
		<Unit filename="../../../addons/ofxGui/src/ofxSlider.cpp" />
		<Unit filename="../../../addons/ofxGui/src/ofxSlider.h" />
		<Unit filename="../../../addons/ofxGui/src/ofxSliderGroup.cpp" />
		<Unit filename="../../../addons/ofxGui/src/ofxSliderGroup.h" />
		<Unit filename="../../../addons/ofxGui/src/ofxToggle.cpp" />
		<Unit filename="../../../addons/ofxGui/src/ofxToggle.h" />
		<Unit filename="../../../addons/ofxKinect/src/extra/ofxKinectExtras.cpp" />
		<Unit filename="../../../addons/ofxKinect/src/extra/ofxKinectExtras.h" />
		<Unit filename="../../../addons/ofxKinect/src/ofxBase3DVideo.h" />
		<Unit filename="../../../addons/ofxKinect/src/ofxKinect.cpp" />
		<Unit filename="../../../addons/ofxKinect/src/ofxKinect.h" />
		<Unit filename="../../../addons/ofxOpenCv/src/ofxCvBlob.h" />
		<Unit filename="../../../addons/ofxOpenCv/src/ofxCvColorImage.cpp" />
		<Unit filename="../../../addons/ofxOpenCv/src/ofxCvColorImage.h" />
		<Unit filename="../../../addons/ofxOpenCv/src/ofxCvConstants.h" />
		<Unit filename="../../../addons/ofxOpenCv/src/ofxCvContourFinder.cpp" />
		<Unit filename="../../../addons/ofxOpenCv/src/ofxCvContourFinder.h" />
		<Unit filename="../../../addons/ofxOpenCv/src/ofxCvFloatImage.cpp" />
		<Unit filename="../../../addons/ofxOpenCv/src/ofxCvFloatImage.h" />
		<Unit filename="../../../addons/ofxOpenCv/src/ofxCvGrayscaleImage.cpp" />
		<Unit filename="../../../addons/ofxOpenCv/src/ofxCvGrayscaleImage.h" />
		<Unit filename="../../../addons/ofxOpenCv/src/ofxCvHaarFinder.cpp" />
		<Unit filename="../../../addons/ofxOpenCv/src/ofxCvHaarFinder.h" />
		<Unit filename="../../../addons/ofxOpenCv/src/ofxCvImage.cpp" />
		<Unit filename="../../../addons/ofxOpenCv/src/ofxCvImage.h" />
		<Unit filename="../../../addons/ofxOpenCv/src/ofxCvShortImage.cpp" />
		<Unit filename="../../../addons/ofxOpenCv/src/ofxCvShortImage.h" />
		<Unit filename="../../../addons/ofxOpenCv/src/ofxOpenCv.h" />
		<Unit filename="../../../addons/ofxXmlSettings/src/ofxXmlSettings.cpp" />
		<Unit filename="../../../addons/ofxXmlSettings/src/ofxXmlSettings.h" />
		<Unit filename="config.make">
			<Option virtualFolder="build config" />
		</Unit>
		<Unit filename="src/KinectBlobTracker.cpp" />
		<Unit filename="src/KinectBlobTracker.h" />
		<Unit filename="src/kinectGuiApp.cpp" />
		<Unit filename="src/kinectGuiApp.h" />
		<Unit filename="src/main.cpp">
			<Option virtualFolder="src/" />
		</Unit>
		<Unit filename="src/ofxFpsSlider.cpp" />
		<Unit filename="src/ofxFpsSlider.h" />
		<Unit filename="src/ofxGuiImage.cpp" />
		<Unit filename="src/ofxGuiImage.h" />
		<Extensions>
			<code_completion />
			<envvars />
			<debugger />
		</Extensions>
	</Project>
</CodeBlocks_project_file>
